
Microsoft Visual Studio Solution File, Format Version 12.00
# Visual Studio Version 16
VisualStudioVersion = 16.0.30406.217
MinimumVisualStudioVersion = 10.0.40219.1
Project("{9A19103F-16F7-4668-BE54-9A1E7A4F7556}") = "Course_Sorter", "Course_Sorter.csproj", "{09F8A410-61BE-4043-BCE4-BC1AE0D48BF4}"
EndProject
Project("{9A19103F-16F7-4668-BE54-9A1E7A4F7556}") = "Course_Reader", "Course_Reader\Course_Reader.csproj", "{58F135A9-1D49-4AAB-90E0-0CCB6AD632E8}"
EndProject
Project("{9A19103F-16F7-4668-BE54-9A1E7A4F7556}") = "Course_Loader", "Course_Loader\Course_Loader.csproj", "{AEE3E8F1-36D8-4E1B-86F2-1F1773AF8476}"
EndProject
Project("{FAE04EC0-301F-11D3-BF4B-00C04F79EFBC}") = "Course_Extractor", "Course_Extractor\Course_Extractor.csproj", "{C3BDF884-86CA-43FE-B8A0-9874B4B2E968}"
EndProject
Global
	GlobalSection(SolutionConfigurationPlatforms) = preSolution
		Debug|Any CPU = Debug|Any CPU
		Release|Any CPU = Release|Any CPU
	EndGlobalSection
	GlobalSection(ProjectConfigurationPlatforms) = postSolution
		{09F8A410-61BE-4043-BCE4-BC1AE0D48BF4}.Debug|Any CPU.ActiveCfg = Debug|Any CPU
		{09F8A410-61BE-4043-BCE4-BC1AE0D48BF4}.Debug|Any CPU.Build.0 = Debug|Any CPU
		{09F8A410-61BE-4043-BCE4-BC1AE0D48BF4}.Release|Any CPU.ActiveCfg = Release|Any CPU
		{09F8A410-61BE-4043-BCE4-BC1AE0D48BF4}.Release|Any CPU.Build.0 = Release|Any CPU
		{58F135A9-1D49-4AAB-90E0-0CCB6AD632E8}.Debug|Any CPU.ActiveCfg = Debug|Any CPU
		{58F135A9-1D49-4AAB-90E0-0CCB6AD632E8}.Debug|Any CPU.Build.0 = Debug|Any CPU
		{58F135A9-1D49-4AAB-90E0-0CCB6AD632E8}.Release|Any CPU.ActiveCfg = Release|Any CPU
		{58F135A9-1D49-4AAB-90E0-0CCB6AD632E8}.Release|Any CPU.Build.0 = Release|Any CPU
		{AEE3E8F1-36D8-4E1B-86F2-1F1773AF8476}.Debug|Any CPU.ActiveCfg = Debug|Any CPU
		{AEE3E8F1-36D8-4E1B-86F2-1F1773AF8476}.Debug|Any CPU.Build.0 = Debug|Any CPU
		{AEE3E8F1-36D8-4E1B-86F2-1F1773AF8476}.Release|Any CPU.ActiveCfg = Release|Any CPU
		{AEE3E8F1-36D8-4E1B-86F2-1F1773AF8476}.Release|Any CPU.Build.0 = Release|Any CPU
		{C3BDF884-86CA-43FE-B8A0-9874B4B2E968}.Debug|Any CPU.ActiveCfg = Debug|Any CPU
		{C3BDF884-86CA-43FE-B8A0-9874B4B2E968}.Debug|Any CPU.Build.0 = Debug|Any CPU
		{C3BDF884-86CA-43FE-B8A0-9874B4B2E968}.Release|Any CPU.ActiveCfg = Release|Any CPU
		{C3BDF884-86CA-43FE-B8A0-9874B4B2E968}.Release|Any CPU.Build.0 = Release|Any CPU
	EndGlobalSection
	GlobalSection(SolutionProperties) = preSolution
		HideSolutionNode = FALSE
	EndGlobalSection
	GlobalSection(ExtensibilityGlobals) = postSolution
		SolutionGuid = {EDBD592D-8A47-4102-BFE4-9221F60D6181}
	EndGlobalSection
EndGlobal
